
Microsoft Visual Studio Solution File, Format Version 12.00
# Visual Studio Version 17
VisualStudioVersion = 17.3.32811.315
MinimumVisualStudioVersion = 10.0.40219.1
Project("{2150E333-8FDC-42A3-9474-1A3956D46DE8}") = "Clase01", "Clase01", "{9A093151-47DF-48F4-9A30-8B095DCD298E}"
EndProject
Project("{9A19103F-16F7-4668-BE54-9A1E7A4F7556}") = "Ejercicio01", "Ejercicio01\Ejercicio01.csproj", "{3FE944D1-4E5D-4950-991D-00F0553273D7}"
EndProject
Project("{9A19103F-16F7-4668-BE54-9A1E7A4F7556}") = "Ejercicio02", "Ejercicio02\Ejercicio02.csproj", "{F05DE295-FCF0-422F-BF94-B8D8398E8840}"
EndProject
Project("{9A19103F-16F7-4668-BE54-9A1E7A4F7556}") = "Ejercicio03", "Ejercicio03\Ejercicio03.csproj", "{F02A83AE-26F9-466E-9A2A-5E8F1E88E559}"
EndProject
Project("{2150E333-8FDC-42A3-9474-1A3956D46DE8}") = "Clase02", "Clase02", "{D1994D60-629E-4FD3-BDC7-F0BC7A883FCD}"
EndProject
Project("{9A19103F-16F7-4668-BE54-9A1E7A4F7556}") = "Ejercicio-l01", "Ejercicio-l01\Ejercicio-l01.csproj", "{7594A8D6-A225-47E8-935D-4BB24364C6AE}"
EndProject
Project("{9A19103F-16F7-4668-BE54-9A1E7A4F7556}") = "Ejercicio-l04", "Ejercicio-l04\Ejercicio-l04.csproj", "{F66C4AFB-DF21-4ACF-88B1-8AD85020A389}"
EndProject
Project("{9A19103F-16F7-4668-BE54-9A1E7A4F7556}") = "Ejercicio-l06", "Ejercicio-l06\Ejercicio-l06.csproj", "{849684C0-AE5F-4375-BF22-5B968EA96F1C}"
EndProject
Project("{9A19103F-16F7-4668-BE54-9A1E7A4F7556}") = "Ejercicio-l07", "Ejercicio-l07\Ejercicio-l07.csproj", "{06422C45-0976-4BE5-A8B4-E608DC7D0487}"
EndProject
Project("{9A19103F-16F7-4668-BE54-9A1E7A4F7556}") = "Ejercicio-l08", "Ejercicio-l08\Ejercicio-l08.csproj", "{782B2203-2F85-48CE-ADCC-7D3B9F4D973F}"
EndProject
Project("{9A19103F-16F7-4668-BE54-9A1E7A4F7556}") = "Biblioteca", "Biblioteca\Biblioteca.csproj", "{EDAFFEF3-55E6-436C-9F00-A25D36AB6CF6}"
EndProject
Project("{9A19103F-16F7-4668-BE54-9A1E7A4F7556}") = "Ejercicio-l02", "Ejercicio-l02\Ejercicio-l02.csproj", "{83D3482E-5043-4F8E-836F-54A7DC60C02D}"
EndProject
Project("{FAE04EC0-301F-11D3-BF4B-00C04F79EFBC}") = "Clase3-Ejercicio-l04", "Clase3-Ejercicio-l04\Clase3-Ejercicio-l04.csproj", "{E792FB2D-031D-4C70-A02D-D5CC6E4A0DC6}"
EndProject
Global
	GlobalSection(SolutionConfigurationPlatforms) = preSolution
		Debug|Any CPU = Debug|Any CPU
		Release|Any CPU = Release|Any CPU
	EndGlobalSection
	GlobalSection(ProjectConfigurationPlatforms) = postSolution
		{3FE944D1-4E5D-4950-991D-00F0553273D7}.Debug|Any CPU.ActiveCfg = Debug|Any CPU
		{3FE944D1-4E5D-4950-991D-00F0553273D7}.Debug|Any CPU.Build.0 = Debug|Any CPU
		{3FE944D1-4E5D-4950-991D-00F0553273D7}.Release|Any CPU.ActiveCfg = Release|Any CPU
		{3FE944D1-4E5D-4950-991D-00F0553273D7}.Release|Any CPU.Build.0 = Release|Any CPU
		{F05DE295-FCF0-422F-BF94-B8D8398E8840}.Debug|Any CPU.ActiveCfg = Debug|Any CPU
		{F05DE295-FCF0-422F-BF94-B8D8398E8840}.Debug|Any CPU.Build.0 = Debug|Any CPU
		{F05DE295-FCF0-422F-BF94-B8D8398E8840}.Release|Any CPU.ActiveCfg = Release|Any CPU
		{F05DE295-FCF0-422F-BF94-B8D8398E8840}.Release|Any CPU.Build.0 = Release|Any CPU
		{F02A83AE-26F9-466E-9A2A-5E8F1E88E559}.Debug|Any CPU.ActiveCfg = Debug|Any CPU
		{F02A83AE-26F9-466E-9A2A-5E8F1E88E559}.Debug|Any CPU.Build.0 = Debug|Any CPU
		{F02A83AE-26F9-466E-9A2A-5E8F1E88E559}.Release|Any CPU.ActiveCfg = Release|Any CPU
		{F02A83AE-26F9-466E-9A2A-5E8F1E88E559}.Release|Any CPU.Build.0 = Release|Any CPU
		{7594A8D6-A225-47E8-935D-4BB24364C6AE}.Debug|Any CPU.ActiveCfg = Debug|Any CPU
		{7594A8D6-A225-47E8-935D-4BB24364C6AE}.Debug|Any CPU.Build.0 = Debug|Any CPU
		{7594A8D6-A225-47E8-935D-4BB24364C6AE}.Release|Any CPU.ActiveCfg = Release|Any CPU
		{7594A8D6-A225-47E8-935D-4BB24364C6AE}.Release|Any CPU.Build.0 = Release|Any CPU
		{F66C4AFB-DF21-4ACF-88B1-8AD85020A389}.Debug|Any CPU.ActiveCfg = Debug|Any CPU
		{F66C4AFB-DF21-4ACF-88B1-8AD85020A389}.Debug|Any CPU.Build.0 = Debug|Any CPU
		{F66C4AFB-DF21-4ACF-88B1-8AD85020A389}.Release|Any CPU.ActiveCfg = Release|Any CPU
		{F66C4AFB-DF21-4ACF-88B1-8AD85020A389}.Release|Any CPU.Build.0 = Release|Any CPU
		{849684C0-AE5F-4375-BF22-5B968EA96F1C}.Debug|Any CPU.ActiveCfg = Debug|Any CPU
		{849684C0-AE5F-4375-BF22-5B968EA96F1C}.Debug|Any CPU.Build.0 = Debug|Any CPU
		{849684C0-AE5F-4375-BF22-5B968EA96F1C}.Release|Any CPU.ActiveCfg = Release|Any CPU
		{849684C0-AE5F-4375-BF22-5B968EA96F1C}.Release|Any CPU.Build.0 = Release|Any CPU
		{06422C45-0976-4BE5-A8B4-E608DC7D0487}.Debug|Any CPU.ActiveCfg = Debug|Any CPU
		{06422C45-0976-4BE5-A8B4-E608DC7D0487}.Debug|Any CPU.Build.0 = Debug|Any CPU
		{06422C45-0976-4BE5-A8B4-E608DC7D0487}.Release|Any CPU.ActiveCfg = Release|Any CPU
		{06422C45-0976-4BE5-A8B4-E608DC7D0487}.Release|Any CPU.Build.0 = Release|Any CPU
		{782B2203-2F85-48CE-ADCC-7D3B9F4D973F}.Debug|Any CPU.ActiveCfg = Debug|Any CPU
		{782B2203-2F85-48CE-ADCC-7D3B9F4D973F}.Debug|Any CPU.Build.0 = Debug|Any CPU
		{782B2203-2F85-48CE-ADCC-7D3B9F4D973F}.Release|Any CPU.ActiveCfg = Release|Any CPU
		{782B2203-2F85-48CE-ADCC-7D3B9F4D973F}.Release|Any CPU.Build.0 = Release|Any CPU
		{EDAFFEF3-55E6-436C-9F00-A25D36AB6CF6}.Debug|Any CPU.ActiveCfg = Debug|Any CPU
		{EDAFFEF3-55E6-436C-9F00-A25D36AB6CF6}.Debug|Any CPU.Build.0 = Debug|Any CPU
		{EDAFFEF3-55E6-436C-9F00-A25D36AB6CF6}.Release|Any CPU.ActiveCfg = Release|Any CPU
		{EDAFFEF3-55E6-436C-9F00-A25D36AB6CF6}.Release|Any CPU.Build.0 = Release|Any CPU
		{83D3482E-5043-4F8E-836F-54A7DC60C02D}.Debug|Any CPU.ActiveCfg = Debug|Any CPU
		{83D3482E-5043-4F8E-836F-54A7DC60C02D}.Debug|Any CPU.Build.0 = Debug|Any CPU
		{83D3482E-5043-4F8E-836F-54A7DC60C02D}.Release|Any CPU.ActiveCfg = Release|Any CPU
		{83D3482E-5043-4F8E-836F-54A7DC60C02D}.Release|Any CPU.Build.0 = Release|Any CPU
		{E792FB2D-031D-4C70-A02D-D5CC6E4A0DC6}.Debug|Any CPU.ActiveCfg = Debug|Any CPU
		{E792FB2D-031D-4C70-A02D-D5CC6E4A0DC6}.Debug|Any CPU.Build.0 = Debug|Any CPU
		{E792FB2D-031D-4C70-A02D-D5CC6E4A0DC6}.Release|Any CPU.ActiveCfg = Release|Any CPU
		{E792FB2D-031D-4C70-A02D-D5CC6E4A0DC6}.Release|Any CPU.Build.0 = Release|Any CPU
	EndGlobalSection
	GlobalSection(SolutionProperties) = preSolution
		HideSolutionNode = FALSE
	EndGlobalSection
	GlobalSection(NestedProjects) = preSolution
		{3FE944D1-4E5D-4950-991D-00F0553273D7} = {9A093151-47DF-48F4-9A30-8B095DCD298E}
		{F05DE295-FCF0-422F-BF94-B8D8398E8840} = {9A093151-47DF-48F4-9A30-8B095DCD298E}
		{F02A83AE-26F9-466E-9A2A-5E8F1E88E559} = {9A093151-47DF-48F4-9A30-8B095DCD298E}
		{7594A8D6-A225-47E8-935D-4BB24364C6AE} = {D1994D60-629E-4FD3-BDC7-F0BC7A883FCD}
		{F66C4AFB-DF21-4ACF-88B1-8AD85020A389} = {9A093151-47DF-48F4-9A30-8B095DCD298E}
		{849684C0-AE5F-4375-BF22-5B968EA96F1C} = {9A093151-47DF-48F4-9A30-8B095DCD298E}
		{06422C45-0976-4BE5-A8B4-E608DC7D0487} = {9A093151-47DF-48F4-9A30-8B095DCD298E}
		{782B2203-2F85-48CE-ADCC-7D3B9F4D973F} = {9A093151-47DF-48F4-9A30-8B095DCD298E}
		{83D3482E-5043-4F8E-836F-54A7DC60C02D} = {D1994D60-629E-4FD3-BDC7-F0BC7A883FCD}
		{E792FB2D-031D-4C70-A02D-D5CC6E4A0DC6} = {D1994D60-629E-4FD3-BDC7-F0BC7A883FCD}
	EndGlobalSection
	GlobalSection(ExtensibilityGlobals) = postSolution
		SolutionGuid = {1240C9E2-C23E-4B60-BDC3-9E9173EBBC6F}
	EndGlobalSection
EndGlobal
