
Microsoft Visual Studio Solution File, Format Version 12.00
# Visual Studio Version 17
VisualStudioVersion = 17.3.32811.315
MinimumVisualStudioVersion = 10.0.40219.1
Project("{9A19103F-16F7-4668-BE54-9A1E7A4F7556}") = "Biblioteca", "Biblioteca\Biblioteca.csproj", "{EDAFFEF3-55E6-436C-9F00-A25D36AB6CF6}"
EndProject
Project("{2150E333-8FDC-42A3-9474-1A3956D46DE8}") = "Clase_1", "Clase_1", "{A90A2F4E-6AD3-4715-84F3-9E6DE6C79757}"
EndProject
Project("{9A19103F-16F7-4668-BE54-9A1E7A4F7556}") = "C1-Ej-l01", "Clase 01\C1-Ej-l01\C1-Ej-l01.csproj", "{D9D8A938-54B2-40C0-AA04-DA9A61E5892C}"
EndProject
Project("{9A19103F-16F7-4668-BE54-9A1E7A4F7556}") = "C1-Ej-l02", "Clase 01\C1-Ej-l02\C1-Ej-l02.csproj", "{D64C9677-EA89-4D8C-A904-54526B7637A5}"
EndProject
Project("{9A19103F-16F7-4668-BE54-9A1E7A4F7556}") = "C1-Ej-l03", "Clase 01\C1-Ej-l03\C1-Ej-l03.csproj", "{C02C78DF-2104-4C64-AB2A-784E74C17021}"
EndProject
Project("{9A19103F-16F7-4668-BE54-9A1E7A4F7556}") = "C1-Ej-l04", "Clase 01\C1-Ej-l04\C1-Ej-l04.csproj", "{2DF56F81-0EA1-4D48-A11B-249A7B1BE5C0}"
EndProject
Project("{9A19103F-16F7-4668-BE54-9A1E7A4F7556}") = "C1-Ej-l06", "Clase 01\C1-Ej-l06\C1-Ej-l06.csproj", "{CD0C883D-0E7E-4FA4-A265-F0915895B754}"
EndProject
Project("{9A19103F-16F7-4668-BE54-9A1E7A4F7556}") = "C1-Ej-l07", "Clase 01\C1-Ej-l07\C1-Ej-l07.csproj", "{4F5641BA-94BD-49D4-880D-2B9AC3F4508B}"
EndProject
Project("{9A19103F-16F7-4668-BE54-9A1E7A4F7556}") = "C1-Ej-l08", "Clase 01\C1-Ej-l08\C1-Ej-l08.csproj", "{0D746A4B-0C32-494D-B8AC-AE68A1D25BAF}"
EndProject
Project("{2150E333-8FDC-42A3-9474-1A3956D46DE8}") = "Clase_2_Clases", "Clase_2_Clases", "{B933CAFD-A041-4973-A76B-6CE8C7BF8B21}"
EndProject
Project("{9A19103F-16F7-4668-BE54-9A1E7A4F7556}") = "C2-Ej-l01", "Clase 02\C2-Ej-l01\C2-Ej-l01.csproj", "{AF41B184-B888-4FFB-8DB5-1D745A911D0A}"
EndProject
Project("{9A19103F-16F7-4668-BE54-9A1E7A4F7556}") = "C2-Ej-l02", "Clase 02\C2-Ej-l02\C2-Ej-l02.csproj", "{55F53291-C82F-4C5B-8470-B94B24CF7BDB}"
EndProject
Project("{2150E333-8FDC-42A3-9474-1A3956D46DE8}") = "Clase_3_MetodosEstaticos", "Clase_3_MetodosEstaticos", "{77FDB8C7-9D94-475F-95D4-66F2BB5ECE2D}"
EndProject
Project("{9A19103F-16F7-4668-BE54-9A1E7A4F7556}") = "C3-Ej-l04", "Clase 03\C3-Ej-l04\C3-Ej-l04.csproj", "{390BA410-F2C2-40FD-BA9E-A52E41489148}"
EndProject
Project("{9A19103F-16F7-4668-BE54-9A1E7A4F7556}") = "C3-Ej-A01", "Clase 03\C3-Ej-A01\C3-Ej-A01.csproj", "{80B35DC5-9370-4AA6-B2CD-BA94CD6E93D8}"
EndProject
Project("{9A19103F-16F7-4668-BE54-9A1E7A4F7556}") = "C3-Ej-l03", "Clase 03\C3-Ej-l03\C3-Ej-l03.csproj", "{75A4F7D5-B912-47C6-9ED7-F15D174C9C78}"
EndProject
Project("{9A19103F-16F7-4668-BE54-9A1E7A4F7556}") = "C3-Ej-l05", "Clase 03\C3-Ej-l05\C3-Ej-l05.csproj", "{132BB142-23E6-449C-B9DD-7E6F7088D67B}"
EndProject
Project("{9A19103F-16F7-4668-BE54-9A1E7A4F7556}") = "C3-Ej-l06", "Clase 03\C3-Ej-l06\C3-Ej-l06.csproj", "{FF87CC7F-6436-4CED-9517-DE0E7AE3A997}"
EndProject
Project("{2150E333-8FDC-42A3-9474-1A3956D46DE8}") = "Clase_4_ProgOrientadaAObjetos", "Clase_4_ProgOrientadaAObjetos", "{17619CD8-1253-487B-89C8-29AB5CDDE8E9}"
EndProject
Project("{9A19103F-16F7-4668-BE54-9A1E7A4F7556}") = "C4-Ej-l02", "Clase 04\C4-Ej-l02\C4-Ej-l02.csproj", "{48333C21-ACE6-4D7E-9CF8-F2ED24A84FAC}"
EndProject
Project("{2150E333-8FDC-42A3-9474-1A3956D46DE8}") = "Clase_5", "Clase_5", "{6B0BA6CB-6F97-4199-AA4F-CFD0CD3E2046}"
EndProject
Project("{9A19103F-16F7-4668-BE54-9A1E7A4F7556}") = "Ejemplo-Clase-MaquinaExpendedora", "Clase 05\Ejemplo-Clase-MaquinaExpendedora\Ejemplo-Clase-MaquinaExpendedora.csproj", "{7CED48DE-D6C0-4091-9226-87D3DE8CCAC3}"
EndProject
Project("{9A19103F-16F7-4668-BE54-9A1E7A4F7556}") = "C1-EJ-l09", "Clase 01\C1-EJ-l09\C1-EJ-l09.csproj", "{84A31344-BDBA-43FD-93EA-2A2334E81F4F}"
EndProject
Project("{9A19103F-16F7-4668-BE54-9A1E7A4F7556}") = "C3-Ej-l07", "Clase 03\C3-Ej-l07\C3-Ej-l07.csproj", "{E351B255-A7D4-4236-A7E2-C5E40BBF4614}"
EndProject
Project("{9A19103F-16F7-4668-BE54-9A1E7A4F7556}") = "C3-Ej-l08", "Clase 03\C3-Ej-l08\C3-Ej-l08.csproj", "{C7E2CFF5-3398-4DB7-AA22-9859E562EE4A}"
EndProject
Project("{9A19103F-16F7-4668-BE54-9A1E7A4F7556}") = "C4-Ej-l01", "Clase 04\C4-Ej-l01\C4-Ej-l01.csproj", "{94E55E21-C6E8-4355-8DA9-D955423A13BA}"
EndProject
Project("{9A19103F-16F7-4668-BE54-9A1E7A4F7556}") = "C4-Ej-l03", "Clase 04\C4-Ej-l03\C4-Ej-l03.csproj", "{8E6214D6-6B85-4D02-84E1-1538889BFFDB}"
EndProject
Project("{FAE04EC0-301F-11D3-BF4B-00C04F79EFBC}") = "C4-Ej-A01", "Clase 04\C4-Ej-A01\C4-Ej-A01.csproj", "{DEFB100B-7A0D-4FD5-AB31-7C99E76BFE92}"
EndProject
Project("{FAE04EC0-301F-11D3-BF4B-00C04F79EFBC}") = "Ejemplo-Clase-MaquinaExpendedora-Bonus", "Clase 05\Ejemplo-Clase-MaquinaExpendedora-Bonus\Ejemplo-Clase-MaquinaExpendedora-Bonus.csproj", "{F4BFCDC8-8F89-477E-9290-7758F5B6898F}"
EndProject
Project("{FAE04EC0-301F-11D3-BF4B-00C04F79EFBC}") = "Ejermplo-Clase-SeAcaboLaComida", "Clase 05\Ejermplo-Clase-SeAcaboLaComida\Ejermplo-Clase-SeAcaboLaComida.csproj", "{484CF84C-28A5-4809-8637-C38D18B01DAF}"
EndProject
Global
	GlobalSection(SolutionConfigurationPlatforms) = preSolution
		Debug|Any CPU = Debug|Any CPU
		Release|Any CPU = Release|Any CPU
	EndGlobalSection
	GlobalSection(ProjectConfigurationPlatforms) = postSolution
		{EDAFFEF3-55E6-436C-9F00-A25D36AB6CF6}.Debug|Any CPU.ActiveCfg = Debug|Any CPU
		{EDAFFEF3-55E6-436C-9F00-A25D36AB6CF6}.Debug|Any CPU.Build.0 = Debug|Any CPU
		{EDAFFEF3-55E6-436C-9F00-A25D36AB6CF6}.Release|Any CPU.ActiveCfg = Release|Any CPU
		{EDAFFEF3-55E6-436C-9F00-A25D36AB6CF6}.Release|Any CPU.Build.0 = Release|Any CPU
		{D9D8A938-54B2-40C0-AA04-DA9A61E5892C}.Debug|Any CPU.ActiveCfg = Debug|Any CPU
		{D9D8A938-54B2-40C0-AA04-DA9A61E5892C}.Debug|Any CPU.Build.0 = Debug|Any CPU
		{D9D8A938-54B2-40C0-AA04-DA9A61E5892C}.Release|Any CPU.ActiveCfg = Release|Any CPU
		{D9D8A938-54B2-40C0-AA04-DA9A61E5892C}.Release|Any CPU.Build.0 = Release|Any CPU
		{D64C9677-EA89-4D8C-A904-54526B7637A5}.Debug|Any CPU.ActiveCfg = Debug|Any CPU
		{D64C9677-EA89-4D8C-A904-54526B7637A5}.Debug|Any CPU.Build.0 = Debug|Any CPU
		{D64C9677-EA89-4D8C-A904-54526B7637A5}.Release|Any CPU.ActiveCfg = Release|Any CPU
		{D64C9677-EA89-4D8C-A904-54526B7637A5}.Release|Any CPU.Build.0 = Release|Any CPU
		{C02C78DF-2104-4C64-AB2A-784E74C17021}.Debug|Any CPU.ActiveCfg = Debug|Any CPU
		{C02C78DF-2104-4C64-AB2A-784E74C17021}.Debug|Any CPU.Build.0 = Debug|Any CPU
		{C02C78DF-2104-4C64-AB2A-784E74C17021}.Release|Any CPU.ActiveCfg = Release|Any CPU
		{C02C78DF-2104-4C64-AB2A-784E74C17021}.Release|Any CPU.Build.0 = Release|Any CPU
		{2DF56F81-0EA1-4D48-A11B-249A7B1BE5C0}.Debug|Any CPU.ActiveCfg = Debug|Any CPU
		{2DF56F81-0EA1-4D48-A11B-249A7B1BE5C0}.Debug|Any CPU.Build.0 = Debug|Any CPU
		{2DF56F81-0EA1-4D48-A11B-249A7B1BE5C0}.Release|Any CPU.ActiveCfg = Release|Any CPU
		{2DF56F81-0EA1-4D48-A11B-249A7B1BE5C0}.Release|Any CPU.Build.0 = Release|Any CPU
		{CD0C883D-0E7E-4FA4-A265-F0915895B754}.Debug|Any CPU.ActiveCfg = Debug|Any CPU
		{CD0C883D-0E7E-4FA4-A265-F0915895B754}.Debug|Any CPU.Build.0 = Debug|Any CPU
		{CD0C883D-0E7E-4FA4-A265-F0915895B754}.Release|Any CPU.ActiveCfg = Release|Any CPU
		{CD0C883D-0E7E-4FA4-A265-F0915895B754}.Release|Any CPU.Build.0 = Release|Any CPU
		{4F5641BA-94BD-49D4-880D-2B9AC3F4508B}.Debug|Any CPU.ActiveCfg = Debug|Any CPU
		{4F5641BA-94BD-49D4-880D-2B9AC3F4508B}.Debug|Any CPU.Build.0 = Debug|Any CPU
		{4F5641BA-94BD-49D4-880D-2B9AC3F4508B}.Release|Any CPU.ActiveCfg = Release|Any CPU
		{4F5641BA-94BD-49D4-880D-2B9AC3F4508B}.Release|Any CPU.Build.0 = Release|Any CPU
		{0D746A4B-0C32-494D-B8AC-AE68A1D25BAF}.Debug|Any CPU.ActiveCfg = Debug|Any CPU
		{0D746A4B-0C32-494D-B8AC-AE68A1D25BAF}.Debug|Any CPU.Build.0 = Debug|Any CPU
		{0D746A4B-0C32-494D-B8AC-AE68A1D25BAF}.Release|Any CPU.ActiveCfg = Release|Any CPU
		{0D746A4B-0C32-494D-B8AC-AE68A1D25BAF}.Release|Any CPU.Build.0 = Release|Any CPU
		{AF41B184-B888-4FFB-8DB5-1D745A911D0A}.Debug|Any CPU.ActiveCfg = Debug|Any CPU
		{AF41B184-B888-4FFB-8DB5-1D745A911D0A}.Debug|Any CPU.Build.0 = Debug|Any CPU
		{AF41B184-B888-4FFB-8DB5-1D745A911D0A}.Release|Any CPU.ActiveCfg = Release|Any CPU
		{AF41B184-B888-4FFB-8DB5-1D745A911D0A}.Release|Any CPU.Build.0 = Release|Any CPU
		{55F53291-C82F-4C5B-8470-B94B24CF7BDB}.Debug|Any CPU.ActiveCfg = Debug|Any CPU
		{55F53291-C82F-4C5B-8470-B94B24CF7BDB}.Debug|Any CPU.Build.0 = Debug|Any CPU
		{55F53291-C82F-4C5B-8470-B94B24CF7BDB}.Release|Any CPU.ActiveCfg = Release|Any CPU
		{55F53291-C82F-4C5B-8470-B94B24CF7BDB}.Release|Any CPU.Build.0 = Release|Any CPU
		{390BA410-F2C2-40FD-BA9E-A52E41489148}.Debug|Any CPU.ActiveCfg = Debug|Any CPU
		{390BA410-F2C2-40FD-BA9E-A52E41489148}.Debug|Any CPU.Build.0 = Debug|Any CPU
		{390BA410-F2C2-40FD-BA9E-A52E41489148}.Release|Any CPU.ActiveCfg = Release|Any CPU
		{390BA410-F2C2-40FD-BA9E-A52E41489148}.Release|Any CPU.Build.0 = Release|Any CPU
		{80B35DC5-9370-4AA6-B2CD-BA94CD6E93D8}.Debug|Any CPU.ActiveCfg = Debug|Any CPU
		{80B35DC5-9370-4AA6-B2CD-BA94CD6E93D8}.Debug|Any CPU.Build.0 = Debug|Any CPU
		{80B35DC5-9370-4AA6-B2CD-BA94CD6E93D8}.Release|Any CPU.ActiveCfg = Release|Any CPU
		{80B35DC5-9370-4AA6-B2CD-BA94CD6E93D8}.Release|Any CPU.Build.0 = Release|Any CPU
		{75A4F7D5-B912-47C6-9ED7-F15D174C9C78}.Debug|Any CPU.ActiveCfg = Debug|Any CPU
		{75A4F7D5-B912-47C6-9ED7-F15D174C9C78}.Debug|Any CPU.Build.0 = Debug|Any CPU
		{75A4F7D5-B912-47C6-9ED7-F15D174C9C78}.Release|Any CPU.ActiveCfg = Release|Any CPU
		{75A4F7D5-B912-47C6-9ED7-F15D174C9C78}.Release|Any CPU.Build.0 = Release|Any CPU
		{132BB142-23E6-449C-B9DD-7E6F7088D67B}.Debug|Any CPU.ActiveCfg = Debug|Any CPU
		{132BB142-23E6-449C-B9DD-7E6F7088D67B}.Debug|Any CPU.Build.0 = Debug|Any CPU
		{132BB142-23E6-449C-B9DD-7E6F7088D67B}.Release|Any CPU.ActiveCfg = Release|Any CPU
		{132BB142-23E6-449C-B9DD-7E6F7088D67B}.Release|Any CPU.Build.0 = Release|Any CPU
		{FF87CC7F-6436-4CED-9517-DE0E7AE3A997}.Debug|Any CPU.ActiveCfg = Debug|Any CPU
		{FF87CC7F-6436-4CED-9517-DE0E7AE3A997}.Debug|Any CPU.Build.0 = Debug|Any CPU
		{FF87CC7F-6436-4CED-9517-DE0E7AE3A997}.Release|Any CPU.ActiveCfg = Release|Any CPU
		{FF87CC7F-6436-4CED-9517-DE0E7AE3A997}.Release|Any CPU.Build.0 = Release|Any CPU
		{48333C21-ACE6-4D7E-9CF8-F2ED24A84FAC}.Debug|Any CPU.ActiveCfg = Debug|Any CPU
		{48333C21-ACE6-4D7E-9CF8-F2ED24A84FAC}.Debug|Any CPU.Build.0 = Debug|Any CPU
		{48333C21-ACE6-4D7E-9CF8-F2ED24A84FAC}.Release|Any CPU.ActiveCfg = Release|Any CPU
		{48333C21-ACE6-4D7E-9CF8-F2ED24A84FAC}.Release|Any CPU.Build.0 = Release|Any CPU
		{7CED48DE-D6C0-4091-9226-87D3DE8CCAC3}.Debug|Any CPU.ActiveCfg = Debug|Any CPU
		{7CED48DE-D6C0-4091-9226-87D3DE8CCAC3}.Debug|Any CPU.Build.0 = Debug|Any CPU
		{7CED48DE-D6C0-4091-9226-87D3DE8CCAC3}.Release|Any CPU.ActiveCfg = Release|Any CPU
		{7CED48DE-D6C0-4091-9226-87D3DE8CCAC3}.Release|Any CPU.Build.0 = Release|Any CPU
		{84A31344-BDBA-43FD-93EA-2A2334E81F4F}.Debug|Any CPU.ActiveCfg = Debug|Any CPU
		{84A31344-BDBA-43FD-93EA-2A2334E81F4F}.Debug|Any CPU.Build.0 = Debug|Any CPU
		{84A31344-BDBA-43FD-93EA-2A2334E81F4F}.Release|Any CPU.ActiveCfg = Release|Any CPU
		{84A31344-BDBA-43FD-93EA-2A2334E81F4F}.Release|Any CPU.Build.0 = Release|Any CPU
		{E351B255-A7D4-4236-A7E2-C5E40BBF4614}.Debug|Any CPU.ActiveCfg = Debug|Any CPU
		{E351B255-A7D4-4236-A7E2-C5E40BBF4614}.Debug|Any CPU.Build.0 = Debug|Any CPU
		{E351B255-A7D4-4236-A7E2-C5E40BBF4614}.Release|Any CPU.ActiveCfg = Release|Any CPU
		{E351B255-A7D4-4236-A7E2-C5E40BBF4614}.Release|Any CPU.Build.0 = Release|Any CPU
		{C7E2CFF5-3398-4DB7-AA22-9859E562EE4A}.Debug|Any CPU.ActiveCfg = Debug|Any CPU
		{C7E2CFF5-3398-4DB7-AA22-9859E562EE4A}.Debug|Any CPU.Build.0 = Debug|Any CPU
		{C7E2CFF5-3398-4DB7-AA22-9859E562EE4A}.Release|Any CPU.ActiveCfg = Release|Any CPU
		{C7E2CFF5-3398-4DB7-AA22-9859E562EE4A}.Release|Any CPU.Build.0 = Release|Any CPU
		{94E55E21-C6E8-4355-8DA9-D955423A13BA}.Debug|Any CPU.ActiveCfg = Debug|Any CPU
		{94E55E21-C6E8-4355-8DA9-D955423A13BA}.Debug|Any CPU.Build.0 = Debug|Any CPU
		{94E55E21-C6E8-4355-8DA9-D955423A13BA}.Release|Any CPU.ActiveCfg = Release|Any CPU
		{94E55E21-C6E8-4355-8DA9-D955423A13BA}.Release|Any CPU.Build.0 = Release|Any CPU
		{8E6214D6-6B85-4D02-84E1-1538889BFFDB}.Debug|Any CPU.ActiveCfg = Debug|Any CPU
		{8E6214D6-6B85-4D02-84E1-1538889BFFDB}.Debug|Any CPU.Build.0 = Debug|Any CPU
		{8E6214D6-6B85-4D02-84E1-1538889BFFDB}.Release|Any CPU.ActiveCfg = Release|Any CPU
		{8E6214D6-6B85-4D02-84E1-1538889BFFDB}.Release|Any CPU.Build.0 = Release|Any CPU
		{DEFB100B-7A0D-4FD5-AB31-7C99E76BFE92}.Debug|Any CPU.ActiveCfg = Debug|Any CPU
		{DEFB100B-7A0D-4FD5-AB31-7C99E76BFE92}.Debug|Any CPU.Build.0 = Debug|Any CPU
		{DEFB100B-7A0D-4FD5-AB31-7C99E76BFE92}.Release|Any CPU.ActiveCfg = Release|Any CPU
		{DEFB100B-7A0D-4FD5-AB31-7C99E76BFE92}.Release|Any CPU.Build.0 = Release|Any CPU
		{F4BFCDC8-8F89-477E-9290-7758F5B6898F}.Debug|Any CPU.ActiveCfg = Debug|Any CPU
		{F4BFCDC8-8F89-477E-9290-7758F5B6898F}.Debug|Any CPU.Build.0 = Debug|Any CPU
		{F4BFCDC8-8F89-477E-9290-7758F5B6898F}.Release|Any CPU.ActiveCfg = Release|Any CPU
		{F4BFCDC8-8F89-477E-9290-7758F5B6898F}.Release|Any CPU.Build.0 = Release|Any CPU
		{484CF84C-28A5-4809-8637-C38D18B01DAF}.Debug|Any CPU.ActiveCfg = Debug|Any CPU
		{484CF84C-28A5-4809-8637-C38D18B01DAF}.Debug|Any CPU.Build.0 = Debug|Any CPU
		{484CF84C-28A5-4809-8637-C38D18B01DAF}.Release|Any CPU.ActiveCfg = Release|Any CPU
		{484CF84C-28A5-4809-8637-C38D18B01DAF}.Release|Any CPU.Build.0 = Release|Any CPU
	EndGlobalSection
	GlobalSection(SolutionProperties) = preSolution
		HideSolutionNode = FALSE
	EndGlobalSection
	GlobalSection(NestedProjects) = preSolution
		{D9D8A938-54B2-40C0-AA04-DA9A61E5892C} = {A90A2F4E-6AD3-4715-84F3-9E6DE6C79757}
		{D64C9677-EA89-4D8C-A904-54526B7637A5} = {A90A2F4E-6AD3-4715-84F3-9E6DE6C79757}
		{C02C78DF-2104-4C64-AB2A-784E74C17021} = {A90A2F4E-6AD3-4715-84F3-9E6DE6C79757}
		{2DF56F81-0EA1-4D48-A11B-249A7B1BE5C0} = {A90A2F4E-6AD3-4715-84F3-9E6DE6C79757}
		{CD0C883D-0E7E-4FA4-A265-F0915895B754} = {A90A2F4E-6AD3-4715-84F3-9E6DE6C79757}
		{4F5641BA-94BD-49D4-880D-2B9AC3F4508B} = {A90A2F4E-6AD3-4715-84F3-9E6DE6C79757}
		{0D746A4B-0C32-494D-B8AC-AE68A1D25BAF} = {A90A2F4E-6AD3-4715-84F3-9E6DE6C79757}
		{AF41B184-B888-4FFB-8DB5-1D745A911D0A} = {B933CAFD-A041-4973-A76B-6CE8C7BF8B21}
		{55F53291-C82F-4C5B-8470-B94B24CF7BDB} = {B933CAFD-A041-4973-A76B-6CE8C7BF8B21}
		{390BA410-F2C2-40FD-BA9E-A52E41489148} = {77FDB8C7-9D94-475F-95D4-66F2BB5ECE2D}
		{80B35DC5-9370-4AA6-B2CD-BA94CD6E93D8} = {77FDB8C7-9D94-475F-95D4-66F2BB5ECE2D}
		{75A4F7D5-B912-47C6-9ED7-F15D174C9C78} = {77FDB8C7-9D94-475F-95D4-66F2BB5ECE2D}
		{132BB142-23E6-449C-B9DD-7E6F7088D67B} = {77FDB8C7-9D94-475F-95D4-66F2BB5ECE2D}
		{FF87CC7F-6436-4CED-9517-DE0E7AE3A997} = {77FDB8C7-9D94-475F-95D4-66F2BB5ECE2D}
		{48333C21-ACE6-4D7E-9CF8-F2ED24A84FAC} = {17619CD8-1253-487B-89C8-29AB5CDDE8E9}
		{7CED48DE-D6C0-4091-9226-87D3DE8CCAC3} = {6B0BA6CB-6F97-4199-AA4F-CFD0CD3E2046}
		{84A31344-BDBA-43FD-93EA-2A2334E81F4F} = {A90A2F4E-6AD3-4715-84F3-9E6DE6C79757}
		{E351B255-A7D4-4236-A7E2-C5E40BBF4614} = {77FDB8C7-9D94-475F-95D4-66F2BB5ECE2D}
		{C7E2CFF5-3398-4DB7-AA22-9859E562EE4A} = {77FDB8C7-9D94-475F-95D4-66F2BB5ECE2D}
		{94E55E21-C6E8-4355-8DA9-D955423A13BA} = {17619CD8-1253-487B-89C8-29AB5CDDE8E9}
		{8E6214D6-6B85-4D02-84E1-1538889BFFDB} = {17619CD8-1253-487B-89C8-29AB5CDDE8E9}
		{DEFB100B-7A0D-4FD5-AB31-7C99E76BFE92} = {17619CD8-1253-487B-89C8-29AB5CDDE8E9}
		{F4BFCDC8-8F89-477E-9290-7758F5B6898F} = {6B0BA6CB-6F97-4199-AA4F-CFD0CD3E2046}
		{484CF84C-28A5-4809-8637-C38D18B01DAF} = {6B0BA6CB-6F97-4199-AA4F-CFD0CD3E2046}
	EndGlobalSection
	GlobalSection(ExtensibilityGlobals) = postSolution
		SolutionGuid = {1240C9E2-C23E-4B60-BDC3-9E9173EBBC6F}
	EndGlobalSection
EndGlobal
